
Microsoft Visual Studio Solution File, Format Version 12.00
# Visual Studio Version 16
VisualStudioVersion = 16.0.29709.97
MinimumVisualStudioVersion = 10.0.40219.1
Project("{FAE04EC0-301F-11D3-BF4B-00C04F79EFBC}") = "supletorio", "supletorio\supletorio.csproj", "{4D8A9BC3-2665-4DA3-8237-27FED4BE20AA}"
EndProject
Global
	GlobalSection(SolutionConfigurationPlatforms) = preSolution
		Debug|Any CPU = Debug|Any CPU
		Release|Any CPU = Release|Any CPU
	EndGlobalSection
	GlobalSection(ProjectConfigurationPlatforms) = postSolution
		{4D8A9BC3-2665-4DA3-8237-27FED4BE20AA}.Debug|Any CPU.ActiveCfg = Debug|Any CPU
		{4D8A9BC3-2665-4DA3-8237-27FED4BE20AA}.Debug|Any CPU.Build.0 = Debug|Any CPU
		{4D8A9BC3-2665-4DA3-8237-27FED4BE20AA}.Release|Any CPU.ActiveCfg = Release|Any CPU
		{4D8A9BC3-2665-4DA3-8237-27FED4BE20AA}.Release|Any CPU.Build.0 = Release|Any CPU
	EndGlobalSection
	GlobalSection(SolutionProperties) = preSolution
		HideSolutionNode = FALSE
	EndGlobalSection
	GlobalSection(ExtensibilityGlobals) = postSolution
		SolutionGuid = {EEA7280A-C655-4360-8B25-2EE02AC75706}
	EndGlobalSection
EndGlobal
